// !$*UTF8*$!
{
	archiveVersion = 1;
	classes = {
	};
	objectVersion = 50;
	objects = {

/* Begin PBXBuildFile section */
		F87844F92481A4AF006F75DA /* AppDelegate.swift in Sources */ = {isa = PBXBuildFile; fileRef = F87844F82481A4AF006F75DA /* AppDelegate.swift */; };
		F87844FB2481A4AF006F75DA /* SceneDelegate.swift in Sources */ = {isa = PBXBuildFile; fileRef = F87844FA2481A4AF006F75DA /* SceneDelegate.swift */; };
		F87844FD2481A4AF006F75DA /* ViewController.swift in Sources */ = {isa = PBXBuildFile; fileRef = F87844FC2481A4AF006F75DA /* ViewController.swift */; };
		F87845002481A4AF006F75DA /* Main.storyboard in Resources */ = {isa = PBXBuildFile; fileRef = F87844FE2481A4AF006F75DA /* Main.storyboard */; };
		F87845022481A4AF006F75DA /* Assets.xcassets in Resources */ = {isa = PBXBuildFile; fileRef = F87845012481A4AF006F75DA /* Assets.xcassets */; };
		F87845052481A4AF006F75DA /* LaunchScreen.storyboard in Resources */ = {isa = PBXBuildFile; fileRef = F87845032481A4AF006F75DA /* LaunchScreen.storyboard */; };
/* End PBXBuildFile section */

/* Begin PBXFileReference section */
		F87844F52481A4AF006F75DA /* MagazaPaneli.app */ = {isa = PBXFileReference; explicitFileType = wrapper.application; includeInIndex = 0; path = MagazaPaneli.app; sourceTree = BUILT_PRODUCTS_DIR; };
		F87844F82481A4AF006F75DA /* AppDelegate.swift */ = {isa = PBXFileReference; lastKnownFileType = sourcecode.swift; path = AppDelegate.swift; sourceTree = "<group>"; };
		F87844FA2481A4AF006F75DA /* SceneDelegate.swift */ = {isa = PBXFileReference; lastKnownFileType = sourcecode.swift; path = SceneDelegate.swift; sourceTree = "<group>"; };
		F87844FC2481A4AF006F75DA /* ViewController.swift */ = {isa = PBXFileReference; lastKnownFileType = sourcecode.swift; path = ViewController.swift; sourceTree = "<group>"; };
		F87844FF2481A4AF006F75DA /* Base */ = {isa = PBXFileReference; lastKnownFileType = file.storyboard; name = Base; path = Base.lproj/Main.storyboard; sourceTree = "<group>"; };
		F87845012481A4AF006F75DA /* Assets.xcassets */ = {isa = PBXFileReference; lastKnownFileType = folder.assetcatalog; path = Assets.xcassets; sourceTree = "<group>"; };
		F87845042481A4AF006F75DA /* Base */ = {isa = PBXFileReference; lastKnownFileType = file.storyboard; name = Base; path = Base.lproj/LaunchScreen.storyboard; sourceTree = "<group>"; };
		F87845062481A4AF006F75DA /* Info.plist */ = {isa = PBXFileReference; lastKnownFileType = text.plist.xml; path = Info.plist; sourceTree = "<group>"; };
/* End PBXFileReference section */

/* Begin PBXFrameworksBuildPhase section */
		F87844F22481A4AF006F75DA /* Frameworks */ = {
			isa = PBXFrameworksBuildPhase;
			buildActionMask = 2147483647;
			files = (
			);
			runOnlyForDeploymentPostprocessing = 0;
		};
/* End PBXFrameworksBuildPhase section */

/* Begin PBXGroup section */
		F87844EC2481A4AF006F75DA = {
			isa = PBXGroup;
			children = (
				F87844F72481A4AF006F75DA /* MagazaPaneli */,
				F87844F62481A4AF006F75DA /* Products */,
			);
			sourceTree = "<group>";
		};
		F87844F62481A4AF006F75DA /* Products */ = {
			isa = PBXGroup;
			children = (
				F87844F52481A4AF006F75DA /* MagazaPaneli.app */,
			);
			name = Products;
			sourceTree = "<group>";
		};
		F87844F72481A4AF006F75DA /* MagazaPaneli */ = {
			isa = PBXGroup;
			children = (
				F87844F82481A4AF006F75DA /* AppDelegate.swift */,
				F87844FA2481A4AF006F75DA /* SceneDelegate.swift */,
				F87844FC2481A4AF006F75DA /* ViewController.swift */,
				F87844FE2481A4AF006F75DA /* Main.storyboard */,
				F87845012481A4AF006F75DA /* Assets.xcassets */,
				F87845032481A4AF006F75DA /* LaunchScreen.storyboard */,
				F87845062481A4AF006F75DA /* Info.plist */,
			);
			path = MagazaPaneli;
			sourceTree = "<group>";
		};
/* End PBXGroup section */

/* Begin PBXNativeTarget section */
		F87844F42481A4AF006F75DA /* MagazaPaneli */ = {
			isa = PBXNativeTarget;
			buildConfigurationList = F87845092481A4AF006F75DA /* Build configuration list for PBXNativeTarget "MagazaPaneli" */;
			buildPhases = (
				F87844F12481A4AF006F75DA /* Sources */,
				F87844F22481A4AF006F75DA /* Frameworks */,
				F87844F32481A4AF006F75DA /* Resources */,
			);
			buildRules = (
			);
			dependencies = (
			);
			name = MagazaPaneli;
			productName = MagazaPaneli;
			productReference = F87844F52481A4AF006F75DA /* MagazaPaneli.app */;
			productType = "com.apple.product-type.application";
		};
/* End PBXNativeTarget section */

/* Begin PBXProject section */
		F87844ED2481A4AF006F75DA /* Project object */ = {
			isa = PBXProject;
			attributes = {
				LastSwiftUpdateCheck = 1150;
				LastUpgradeCheck = 1150;
				ORGANIZATIONNAME = "Berkant Beğdilili";
				TargetAttributes = {
					F87844F42481A4AF006F75DA = {
						CreatedOnToolsVersion = 11.5;
					};
				};
			};
			buildConfigurationList = F87844F02481A4AF006F75DA /* Build configuration list for PBXProject "MagazaPaneli" */;
			compatibilityVersion = "Xcode 9.3";
			developmentRegion = en;
			hasScannedForEncodings = 0;
			knownRegions = (
				en,
				Base,
			);
			mainGroup = F87844EC2481A4AF006F75DA;
			productRefGroup = F87844F62481A4AF006F75DA /* Products */;
			projectDirPath = "";
			projectRoot = "";
			targets = (
				F87844F42481A4AF006F75DA /* MagazaPaneli */,
			);
		};
/* End PBXProject section */

/* Begin PBXResourcesBuildPhase section */
		F87844F32481A4AF006F75DA /* Resources */ = {
			isa = PBXResourcesBuildPhase;
			buildActionMask = 2147483647;
			files = (
				F87845052481A4AF006F75DA /* LaunchScreen.storyboard in Resources */,
				F87845022481A4AF006F75DA /* Assets.xcassets in Resources */,
				F87845002481A4AF006F75DA /* Main.storyboard in Resources */,
			);
			runOnlyForDeploymentPostprocessing = 0;
		};
/* End PBXResourcesBuildPhase section */

/* Begin PBXSourcesBuildPhase section */
		F87844F12481A4AF006F75DA /* Sources */ = {
			isa = PBXSourcesBuildPhase;
			buildActionMask = 2147483647;
			files = (
				F87844FD2481A4AF006F75DA /* ViewController.swift in Sources */,
				F87844F92481A4AF006F75DA /* AppDelegate.swift in Sources */,
				F87844FB2481A4AF006F75DA /* SceneDelegate.swift in Sources */,
			);
			runOnlyForDeploymentPostprocessing = 0;
		};
/* End PBXSourcesBuildPhase section */

/* Begin PBXVariantGroup section */
		F87844FE2481A4AF006F75DA /* Main.storyboard */ = {
			isa = PBXVariantGroup;
			children = (
				F87844FF2481A4AF006F75DA /* Base */,
			);
			name = Main.storyboard;
			sourceTree = "<group>";
		};
		F87845032481A4AF006F75DA /* LaunchScreen.storyboard */ = {
			isa = PBXVariantGroup;
			children = (
				F87845042481A4AF006F75DA /* Base */,
			);
			name = LaunchScreen.storyboard;
			sourceTree = "<group>";
		};
/* End PBXVariantGroup section */

/* Begin XCBuildConfiguration section */
		F87845072481A4AF006F75DA /* Debug */ = {
			isa = XCBuildConfiguration;
			buildSettings = {
				ALWAYS_SEARCH_USER_PATHS = NO;
				CLANG_ANALYZER_NONNULL = YES;
				CLANG_ANALYZER_NUMBER_OBJECT_CONVERSION = YES_AGGRESSIVE;
				CLANG_CXX_LANGUAGE_STANDARD = "gnu++14";
				CLANG_CXX_LIBRARY = "libc++";
				CLANG_ENABLE_MODULES = YES;
				CLANG_ENABLE_OBJC_ARC = YES;
				CLANG_ENABLE_OBJC_WEAK = YES;
				CLANG_WARN_BLOCK_CAPTURE_AUTORELEASING = YES;
				CLANG_WARN_BOOL_CONVERSION = YES;
				CLANG_WARN_COMMA = YES;
				CLANG_WARN_CONSTANT_CONVERSION = YES;
				CLANG_WARN_DEPRECATED_OBJC_IMPLEMENTATIONS = YES;
				CLANG_WARN_DIRECT_OBJC_ISA_USAGE = YES_ERROR;
				CLANG_WARN_DOCUMENTATION_COMMENTS = YES;
				CLANG_WARN_EMPTY_BODY = YES;
				CLANG_WARN_ENUM_CONVERSION = YES;
				CLANG_WARN_INFINITE_RECURSION = YES;
				CLANG_WARN_INT_CONVERSION = YES;
				CLANG_WARN_NON_LITERAL_NULL_CONVERSION = YES;
				CLANG_WARN_OBJC_IMPLICIT_RETAIN_SELF = YES;
				CLANG_WARN_OBJC_LITERAL_CONVERSION = YES;
				CLANG_WARN_OBJC_ROOT_CLASS = YES_ERROR;
				CLANG_WARN_RANGE_LOOP_ANALYSIS = YES;
				CLANG_WARN_STRICT_PROTOTYPES = YES;
				CLANG_WARN_SUSPICIOUS_MOVE = YES;
				CLANG_WARN_UNGUARDED_AVAILABILITY = YES_AGGRESSIVE;
				CLANG_WARN_UNREACHABLE_CODE = YES;
				CLANG_WARN__DUPLICATE_METHOD_MATCH = YES;
				COPY_PHASE_STRIP = NO;
				DEBUG_INFORMATION_FORMAT = dwarf;
				ENABLE_STRICT_OBJC_MSGSEND = YES;
				ENABLE_TESTABILITY = YES;
				GCC_C_LANGUAGE_STANDARD = gnu11;
				GCC_DYNAMIC_NO_PIC = NO;
				GCC_NO_COMMON_BLOCKS = YES;
				GCC_OPTIMIZATION_LEVEL = 0;
				GCC_PREPROCESSOR_DEFINITIONS = (
					"DEBUG=1",
					"$(inherited)",
				);
				GCC_WARN_64_TO_32_BIT_CONVERSION = YES;
				GCC_WARN_ABOUT_RETURN_TYPE = YES_ERROR;
				GCC_WARN_UNDECLARED_SELECTOR = YES;
				GCC_WARN_UNINITIALIZED_AUTOS = YES_AGGRESSIVE;
				GCC_WARN_UNUSED_FUNCTION = YES;
				GCC_WARN_UNUSED_VARIABLE = YES;
				IPHONEOS_DEPLOYMENT_TARGET = 13.5;
				MTL_ENABLE_DEBUG_INFO = INCLUDE_SOURCE;
				MTL_FAST_MATH = YES;
				ONLY_ACTIVE_ARCH = YES;
				SDKROOT = iphoneos;
				SWIFT_ACTIVE_COMPILATION_CONDITIONS = DEBUG;
				SWIFT_OPTIMIZATION_LEVEL = "-Onone";
			};
			name = Debug;
		};
		F87845082481A4AF006F75DA /* Release */ = {
			isa = XCBuildConfiguration;
			buildSettings = {
				ALWAYS_SEARCH_USER_PATHS = NO;
				CLANG_ANALYZER_NONNULL = YES;
				CLANG_ANALYZER_NUMBER_OBJECT_CONVERSION = YES_AGGRESSIVE;
				CLANG_CXX_LANGUAGE_STANDARD = "gnu++14";
				CLANG_CXX_LIBRARY = "libc++";
				CLANG_ENABLE_MODULES = YES;
				CLANG_ENABLE_OBJC_ARC = YES;
				CLANG_ENABLE_OBJC_WEAK = YES;
				CLANG_WARN_BLOCK_CAPTURE_AUTORELEASING = YES;
				CLANG_WARN_BOOL_CONVERSION = YES;
				CLANG_WARN_COMMA = YES;
				CLANG_WARN_CONSTANT_CONVERSION = YES;
				CLANG_WARN_DEPRECATED_OBJC_IMPLEMENTATIONS = YES;
				CLANG_WARN_DIRECT_OBJC_ISA_USAGE = YES_ERROR;
				CLANG_WARN_DOCUMENTATION_COMMENTS = YES;
				CLANG_WARN_EMPTY_BODY = YES;
				CLANG_WARN_ENUM_CONVERSION = YES;
				CLANG_WARN_INFINITE_RECURSION = YES;
				CLANG_WARN_INT_CONVERSION = YES;
				CLANG_WARN_NON_LITERAL_NULL_CONVERSION = YES;
				CLANG_WARN_OBJC_IMPLICIT_RETAIN_SELF = YES;
				CLANG_WARN_OBJC_LITERAL_CONVERSION = YES;
				CLANG_WARN_OBJC_ROOT_CLASS = YES_ERROR;
				CLANG_WARN_RANGE_LOOP_ANALYSIS = YES;
				CLANG_WARN_STRICT_PROTOTYPES = YES;
				CLANG_WARN_SUSPICIOUS_MOVE = YES;
				CLANG_WARN_UNGUARDED_AVAILABILITY = YES_AGGRESSIVE;
				CLANG_WARN_UNREACHABLE_CODE = YES;
				CLANG_WARN__DUPLICATE_METHOD_MATCH = YES;
				COPY_PHASE_STRIP = NO;
				DEBUG_INFORMATION_FORMAT = "dwarf-with-dsym";
				ENABLE_NS_ASSERTIONS = NO;
				ENABLE_STRICT_OBJC_MSGSEND = YES;
				GCC_C_LANGUAGE_STANDARD = gnu11;
				GCC_NO_COMMON_BLOCKS = YES;
				GCC_WARN_64_TO_32_BIT_CONVERSION = YES;
				GCC_WARN_ABOUT_RETURN_TYPE = YES_ERROR;
				GCC_WARN_UNDECLARED_SELECTOR = YES;
				GCC_WARN_UNINITIALIZED_AUTOS = YES_AGGRESSIVE;
				GCC_WARN_UNUSED_FUNCTION = YES;
				GCC_WARN_UNUSED_VARIABLE = YES;
				IPHONEOS_DEPLOYMENT_TARGET = 13.5;
				MTL_ENABLE_DEBUG_INFO = NO;
				MTL_FAST_MATH = YES;
				SDKROOT = iphoneos;
				SWIFT_COMPILATION_MODE = wholemodule;
				SWIFT_OPTIMIZATION_LEVEL = "-O";
				VALIDATE_PRODUCT = YES;
			};
			name = Release;
		};
		F878450A2481A4AF006F75DA /* Debug */ = {
			isa = XCBuildConfiguration;
			buildSettings = {
				ASSETCATALOG_COMPILER_APPICON_NAME = AppIcon;
				CODE_SIGN_STYLE = Automatic;
				DEVELOPMENT_TEAM = 2BH44AM79Q;
				INFOPLIST_FILE = MagazaPaneli/Info.plist;
				LD_RUNPATH_SEARCH_PATHS = (
					"$(inherited)",
					"@executable_path/Frameworks",
				);
				PRODUCT_BUNDLE_IDENTIFIER = com.berkantbegdilili.MagazaPaneli;
				PRODUCT_NAME = "$(TARGET_NAME)";
				SWIFT_VERSION = 5.0;
				TARGETED_DEVICE_FAMILY = "1,2";
			};
			name = Debug;
		};
		F878450B2481A4AF006F75DA /* Release */ = {
			isa = XCBuildConfiguration;
			buildSettings = {
				ASSETCATALOG_COMPILER_APPICON_NAME = AppIcon;
				CODE_SIGN_STYLE = Automatic;
				DEVELOPMENT_TEAM = 2BH44AM79Q;
				INFOPLIST_FILE = MagazaPaneli/Info.plist;
				LD_RUNPATH_SEARCH_PATHS = (
					"$(inherited)",
					"@executable_path/Frameworks",
				);
				PRODUCT_BUNDLE_IDENTIFIER = com.berkantbegdilili.MagazaPaneli;
				PRODUCT_NAME = "$(TARGET_NAME)";
				SWIFT_VERSION = 5.0;
				TARGETED_DEVICE_FAMILY = "1,2";
			};
			name = Release;
		};
/* End XCBuildConfiguration section */

/* Begin XCConfigurationList section */
		F87844F02481A4AF006F75DA /* Build configuration list for PBXProject "MagazaPaneli" */ = {
			isa = XCConfigurationList;
			buildConfigurations = (
				F87845072481A4AF006F75DA /* Debug */,
				F87845082481A4AF006F75DA /* Release */,
			);
			defaultConfigurationIsVisible = 0;
			defaultConfigurationName = Release;
		};
		F87845092481A4AF006F75DA /* Build configuration list for PBXNativeTarget "MagazaPaneli" */ = {
			isa = XCConfigurationList;
			buildConfigurations = (
				F878450A2481A4AF006F75DA /* Debug */,
				F878450B2481A4AF006F75DA /* Release */,
			);
			defaultConfigurationIsVisible = 0;
			defaultConfigurationName = Release;
		};
/* End XCConfigurationList section */
	};
	rootObject = F87844ED2481A4AF006F75DA /* Project object */;
}
